
Microsoft Visual Studio Solution File, Format Version 12.00
# Visual Studio Version 16
VisualStudioVersion = 16.0.810.3
MinimumVisualStudioVersion = 10.0.40219.1
Project("{FAE04EC0-301F-11D3-BF4B-00C04F79EFBC}") = "TheMaze", "TheMaze\TheMaze.csproj", "{FCBF2930-D399-4BD7-98F9-041AEF739B61}"
EndProject
Global
	GlobalSection(SolutionConfigurationPlatforms) = preSolution
		Debug|Any CPU = Debug|Any CPU
		Release|Any CPU = Release|Any CPU
	EndGlobalSection
	GlobalSection(ProjectConfigurationPlatforms) = postSolution
		{FCBF2930-D399-4BD7-98F9-041AEF739B61}.Debug|Any CPU.ActiveCfg = Debug|Any CPU
		{FCBF2930-D399-4BD7-98F9-041AEF739B61}.Debug|Any CPU.Build.0 = Debug|Any CPU
		{FCBF2930-D399-4BD7-98F9-041AEF739B61}.Release|Any CPU.ActiveCfg = Release|Any CPU
		{FCBF2930-D399-4BD7-98F9-041AEF739B61}.Release|Any CPU.Build.0 = Release|Any CPU
	EndGlobalSection
	GlobalSection(SolutionProperties) = preSolution
		HideSolutionNode = FALSE
	EndGlobalSection
	GlobalSection(ExtensibilityGlobals) = postSolution
		SolutionGuid = {15079870-4207-4C92-B0D5-A5B2512F2EF4}
	EndGlobalSection
EndGlobal
