
Microsoft Visual Studio Solution File, Format Version 12.00
Project("{FAE04EC0-301F-11D3-BF4B-00C04F79EFBC}") = "TvMazeWebApp", "TvMazeWebApp.csproj", "{851D93D8-5D8D-4E35-A45F-495A870D041B}"
EndProject
Global
	GlobalSection(SolutionConfigurationPlatforms) = preSolution
		Debug|Any CPU = Debug|Any CPU
		Release|Any CPU = Release|Any CPU
	EndGlobalSection
	GlobalSection(ProjectConfigurationPlatforms) = postSolution
		{851D93D8-5D8D-4E35-A45F-495A870D041B}.Debug|Any CPU.ActiveCfg = Debug|Any CPU
		{851D93D8-5D8D-4E35-A45F-495A870D041B}.Debug|Any CPU.Build.0 = Debug|Any CPU
		{851D93D8-5D8D-4E35-A45F-495A870D041B}.Release|Any CPU.ActiveCfg = Release|Any CPU
		{851D93D8-5D8D-4E35-A45F-495A870D041B}.Release|Any CPU.Build.0 = Release|Any CPU
		{C1EB751E-7E03-4486-B01A-2B247A2C0799}.Debug|Any CPU.ActiveCfg = Debug|Any CPU
		{C1EB751E-7E03-4486-B01A-2B247A2C0799}.Debug|Any CPU.Build.0 = Debug|Any CPU
		{C1EB751E-7E03-4486-B01A-2B247A2C0799}.Release|Any CPU.ActiveCfg = Release|Any CPU
		{C1EB751E-7E03-4486-B01A-2B247A2C0799}.Release|Any CPU.Build.0 = Release|Any CPU
	EndGlobalSection
EndGlobal
